
Microsoft Visual Studio Solution File, Format Version 12.00
# Visual Studio Version 17
VisualStudioVersion = 17.13.35931.197 d17.13
MinimumVisualStudioVersion = 10.0.40219.1
Project("{FAE04EC0-301F-11D3-BF4B-00C04F79EFBC}") = "RemoteFile", "RemoteFile\RemoteFile.csproj", "{A006BFAB-20F7-4F42-8B5F-591268ACE836}"
EndProject
Project("{2150E333-8FDC-42A3-9474-1A3956D46DE8}") = "tests", "tests", "{856DF77E-EB78-45EB-836F-50C3B017B4C2}"
EndProject
Project("{FAE04EC0-301F-11D3-BF4B-00C04F79EFBC}") = "RemoteFile.UnitTests", "RemoteFile.UnitTests\RemoteFile.UnitTests.csproj", "{2769EBA9-6C62-4409-B637-FFA86E23749E}"
EndProject
Project("{FAE04EC0-301F-11D3-BF4B-00C04F79EFBC}") = "RemoteFileIntegrationTests", "RemoteFileIntegrationTests\RemoteFileIntegrationTests.csproj", "{4302FCFC-612D-4C5A-B96D-B555FEC4BFE4}"
EndProject
Global
	GlobalSection(SolutionConfigurationPlatforms) = preSolution
		Debug|Any CPU = Debug|Any CPU
		Release|Any CPU = Release|Any CPU
	EndGlobalSection
	GlobalSection(ProjectConfigurationPlatforms) = postSolution
		{A006BFAB-20F7-4F42-8B5F-591268ACE836}.Debug|Any CPU.ActiveCfg = Debug|Any CPU
		{A006BFAB-20F7-4F42-8B5F-591268ACE836}.Debug|Any CPU.Build.0 = Debug|Any CPU
		{A006BFAB-20F7-4F42-8B5F-591268ACE836}.Release|Any CPU.ActiveCfg = Release|Any CPU
		{A006BFAB-20F7-4F42-8B5F-591268ACE836}.Release|Any CPU.Build.0 = Release|Any CPU
		{2769EBA9-6C62-4409-B637-FFA86E23749E}.Debug|Any CPU.ActiveCfg = Debug|Any CPU
		{2769EBA9-6C62-4409-B637-FFA86E23749E}.Debug|Any CPU.Build.0 = Debug|Any CPU
		{2769EBA9-6C62-4409-B637-FFA86E23749E}.Release|Any CPU.ActiveCfg = Release|Any CPU
		{2769EBA9-6C62-4409-B637-FFA86E23749E}.Release|Any CPU.Build.0 = Release|Any CPU
		{4302FCFC-612D-4C5A-B96D-B555FEC4BFE4}.Debug|Any CPU.ActiveCfg = Debug|Any CPU
		{4302FCFC-612D-4C5A-B96D-B555FEC4BFE4}.Debug|Any CPU.Build.0 = Debug|Any CPU
		{4302FCFC-612D-4C5A-B96D-B555FEC4BFE4}.Release|Any CPU.ActiveCfg = Release|Any CPU
		{4302FCFC-612D-4C5A-B96D-B555FEC4BFE4}.Release|Any CPU.Build.0 = Release|Any CPU
	EndGlobalSection
	GlobalSection(SolutionProperties) = preSolution
		HideSolutionNode = FALSE
	EndGlobalSection
	GlobalSection(NestedProjects) = preSolution
		{2769EBA9-6C62-4409-B637-FFA86E23749E} = {856DF77E-EB78-45EB-836F-50C3B017B4C2}
		{4302FCFC-612D-4C5A-B96D-B555FEC4BFE4} = {856DF77E-EB78-45EB-836F-50C3B017B4C2}
	EndGlobalSection
	GlobalSection(ExtensibilityGlobals) = postSolution
		SolutionGuid = {8F3245C7-FCC9-4666-99E0-F8D63BBE8373}
	EndGlobalSection
EndGlobal
